
Microsoft Visual Studio Solution File, Format Version 12.00
# Visual Studio Version 16
VisualStudioVersion = 16.0.29215.179
MinimumVisualStudioVersion = 10.0.40219.1
Project("{FAE04EC0-301F-11D3-BF4B-00C04F79EFBC}") = "Hello", "Hello\Hello.csproj", "{7CE1B06A-B398-4EEE-B4BA-88826151E6AB}"
EndProject
Global
	GlobalSection(SolutionConfigurationPlatforms) = preSolution
		Debug|Any CPU = Debug|Any CPU
		Release|Any CPU = Release|Any CPU
	EndGlobalSection
	GlobalSection(ProjectConfigurationPlatforms) = postSolution
		{7CE1B06A-B398-4EEE-B4BA-88826151E6AB}.Debug|Any CPU.ActiveCfg = Debug|Any CPU
		{7CE1B06A-B398-4EEE-B4BA-88826151E6AB}.Debug|Any CPU.Build.0 = Debug|Any CPU
		{7CE1B06A-B398-4EEE-B4BA-88826151E6AB}.Release|Any CPU.ActiveCfg = Release|Any CPU
		{7CE1B06A-B398-4EEE-B4BA-88826151E6AB}.Release|Any CPU.Build.0 = Release|Any CPU
	EndGlobalSection
	GlobalSection(SolutionProperties) = preSolution
		HideSolutionNode = FALSE
	EndGlobalSection
	GlobalSection(ExtensibilityGlobals) = postSolution
		SolutionGuid = {18C09B6D-64F1-47EA-8B56-8EBE10A761D9}
	EndGlobalSection
EndGlobal
